
Microsoft Visual Studio Solution File, Format Version 12.00
# Visual Studio 15
VisualStudioVersion = 15.0.27130.2027
MinimumVisualStudioVersion = 10.0.40219.1
Project("{9A19103F-16F7-4668-BE54-9A1E7A4F7556}") = "BachSoft", "BachSoft\BachSoft.csproj", "{89DFF47B-352A-42C5-9D4A-5CE29D4563DF}"
EndProject
Project("{FAE04EC0-301F-11D3-BF4B-00C04F79EFBC}") = "BachSoft.Tests", "BachSoft.Tests\BachSoft.Tests.csproj", "{BD0D2E50-B9A5-482F-A85A-0320808391A5}"
EndProject
Global
	GlobalSection(SolutionConfigurationPlatforms) = preSolution
		Debug|Any CPU = Debug|Any CPU
		Release|Any CPU = Release|Any CPU
	EndGlobalSection
	GlobalSection(ProjectConfigurationPlatforms) = postSolution
		{89DFF47B-352A-42C5-9D4A-5CE29D4563DF}.Debug|Any CPU.ActiveCfg = Debug|Any CPU
		{89DFF47B-352A-42C5-9D4A-5CE29D4563DF}.Debug|Any CPU.Build.0 = Debug|Any CPU
		{89DFF47B-352A-42C5-9D4A-5CE29D4563DF}.Release|Any CPU.ActiveCfg = Release|Any CPU
		{89DFF47B-352A-42C5-9D4A-5CE29D4563DF}.Release|Any CPU.Build.0 = Release|Any CPU
		{BD0D2E50-B9A5-482F-A85A-0320808391A5}.Debug|Any CPU.ActiveCfg = Debug|Any CPU
		{BD0D2E50-B9A5-482F-A85A-0320808391A5}.Debug|Any CPU.Build.0 = Debug|Any CPU
		{BD0D2E50-B9A5-482F-A85A-0320808391A5}.Release|Any CPU.ActiveCfg = Release|Any CPU
		{BD0D2E50-B9A5-482F-A85A-0320808391A5}.Release|Any CPU.Build.0 = Release|Any CPU
	EndGlobalSection
	GlobalSection(SolutionProperties) = preSolution
		HideSolutionNode = FALSE
	EndGlobalSection
	GlobalSection(ExtensibilityGlobals) = postSolution
		SolutionGuid = {5F062E24-6F05-4DDE-8715-98B4A3526BBA}
	EndGlobalSection
EndGlobal
