
Microsoft Visual Studio Solution File, Format Version 12.00
# Visual Studio 15
VisualStudioVersion = 15.0.27130.2027
MinimumVisualStudioVersion = 10.0.40219.1
Project("{9A19103F-16F7-4668-BE54-9A1E7A4F7556}") = "Forum.App", "Forum.App\Forum.App.csproj", "{0CD1ADB9-9314-4A78-A28D-928BE0C3A706}"
EndProject
Project("{FAE04EC0-301F-11D3-BF4B-00C04F79EFBC}") = "Forum.Models", "Forum.Models\Forum.Models.csproj", "{F0E89AC1-E0B3-4682-A7E2-625F18A9381D}"
EndProject
Project("{FAE04EC0-301F-11D3-BF4B-00C04F79EFBC}") = "Forum.Data", "Forum.Data\Forum.Data.csproj", "{C0CD138E-E2C4-494F-B6C8-28AB1AE2452A}"
EndProject
Global
	GlobalSection(SolutionConfigurationPlatforms) = preSolution
		Debug|Any CPU = Debug|Any CPU
		Release|Any CPU = Release|Any CPU
	EndGlobalSection
	GlobalSection(ProjectConfigurationPlatforms) = postSolution
		{0CD1ADB9-9314-4A78-A28D-928BE0C3A706}.Debug|Any CPU.ActiveCfg = Debug|Any CPU
		{0CD1ADB9-9314-4A78-A28D-928BE0C3A706}.Debug|Any CPU.Build.0 = Debug|Any CPU
		{0CD1ADB9-9314-4A78-A28D-928BE0C3A706}.Release|Any CPU.ActiveCfg = Release|Any CPU
		{0CD1ADB9-9314-4A78-A28D-928BE0C3A706}.Release|Any CPU.Build.0 = Release|Any CPU
		{F0E89AC1-E0B3-4682-A7E2-625F18A9381D}.Debug|Any CPU.ActiveCfg = Debug|Any CPU
		{F0E89AC1-E0B3-4682-A7E2-625F18A9381D}.Debug|Any CPU.Build.0 = Debug|Any CPU
		{F0E89AC1-E0B3-4682-A7E2-625F18A9381D}.Release|Any CPU.ActiveCfg = Release|Any CPU
		{F0E89AC1-E0B3-4682-A7E2-625F18A9381D}.Release|Any CPU.Build.0 = Release|Any CPU
		{C0CD138E-E2C4-494F-B6C8-28AB1AE2452A}.Debug|Any CPU.ActiveCfg = Debug|Any CPU
		{C0CD138E-E2C4-494F-B6C8-28AB1AE2452A}.Debug|Any CPU.Build.0 = Debug|Any CPU
		{C0CD138E-E2C4-494F-B6C8-28AB1AE2452A}.Release|Any CPU.ActiveCfg = Release|Any CPU
		{C0CD138E-E2C4-494F-B6C8-28AB1AE2452A}.Release|Any CPU.Build.0 = Release|Any CPU
	EndGlobalSection
	GlobalSection(SolutionProperties) = preSolution
		HideSolutionNode = FALSE
	EndGlobalSection
	GlobalSection(ExtensibilityGlobals) = postSolution
		SolutionGuid = {E9145041-B7F6-4588-9A1E-B131C5ED2590}
	EndGlobalSection
EndGlobal
