
Microsoft Visual Studio Solution File, Format Version 12.00
# Visual Studio 15
VisualStudioVersion = 15.0.27130.2027
MinimumVisualStudioVersion = 10.0.40219.1
Project("{9A19103F-16F7-4668-BE54-9A1E7A4F7556}") = "InterfacesAndAbstractionLab", "InterfacesAndAbstractionLab\InterfacesAndAbstractionLab.csproj", "{6B0E4625-39A5-4916-B65A-64074169B95E}"
EndProject
Project("{FAE04EC0-301F-11D3-BF4B-00C04F79EFBC}") = "01.Shapes", "01.Shapes\01.Shapes.csproj", "{3F44F586-EFD7-4AB7-B799-7932272A99C4}"
EndProject
Project("{FAE04EC0-301F-11D3-BF4B-00C04F79EFBC}") = "02.Cars", "02.Cars\02.Cars.csproj", "{73721A39-A839-45AA-915A-2317668D0FC2}"
EndProject
Global
	GlobalSection(SolutionConfigurationPlatforms) = preSolution
		Debug|Any CPU = Debug|Any CPU
		Release|Any CPU = Release|Any CPU
	EndGlobalSection
	GlobalSection(ProjectConfigurationPlatforms) = postSolution
		{6B0E4625-39A5-4916-B65A-64074169B95E}.Debug|Any CPU.ActiveCfg = Debug|Any CPU
		{6B0E4625-39A5-4916-B65A-64074169B95E}.Debug|Any CPU.Build.0 = Debug|Any CPU
		{6B0E4625-39A5-4916-B65A-64074169B95E}.Release|Any CPU.ActiveCfg = Release|Any CPU
		{6B0E4625-39A5-4916-B65A-64074169B95E}.Release|Any CPU.Build.0 = Release|Any CPU
		{3F44F586-EFD7-4AB7-B799-7932272A99C4}.Debug|Any CPU.ActiveCfg = Debug|Any CPU
		{3F44F586-EFD7-4AB7-B799-7932272A99C4}.Debug|Any CPU.Build.0 = Debug|Any CPU
		{3F44F586-EFD7-4AB7-B799-7932272A99C4}.Release|Any CPU.ActiveCfg = Release|Any CPU
		{3F44F586-EFD7-4AB7-B799-7932272A99C4}.Release|Any CPU.Build.0 = Release|Any CPU
		{73721A39-A839-45AA-915A-2317668D0FC2}.Debug|Any CPU.ActiveCfg = Debug|Any CPU
		{73721A39-A839-45AA-915A-2317668D0FC2}.Debug|Any CPU.Build.0 = Debug|Any CPU
		{73721A39-A839-45AA-915A-2317668D0FC2}.Release|Any CPU.ActiveCfg = Release|Any CPU
		{73721A39-A839-45AA-915A-2317668D0FC2}.Release|Any CPU.Build.0 = Release|Any CPU
	EndGlobalSection
	GlobalSection(SolutionProperties) = preSolution
		HideSolutionNode = FALSE
	EndGlobalSection
	GlobalSection(ExtensibilityGlobals) = postSolution
		SolutionGuid = {8E28A3DF-3F6D-4C0E-AA84-39C4BA062E22}
	EndGlobalSection
EndGlobal
