
Microsoft Visual Studio Solution File, Format Version 12.00
# Visual Studio 15
VisualStudioVersion = 15.0.27130.2027
MinimumVisualStudioVersion = 10.0.40219.1
Project("{9A19103F-16F7-4668-BE54-9A1E7A4F7556}") = "08.TrafficLightsProblem", "ReflectionAttributesExercise\08.TrafficLightsProblem.csproj", "{4D69B6D3-CC14-4AA4-8E77-D1CF9F357F5F}"
EndProject
Project("{FAE04EC0-301F-11D3-BF4B-00C04F79EFBC}") = "07.InfernoInfinityProblem", "07.InfernoInfinity\07.InfernoInfinityProblem.csproj", "{C33894C3-D52D-4DA3-AA7F-684411FD81FB}"
EndProject
Project("{FAE04EC0-301F-11D3-BF4B-00C04F79EFBC}") = "08.CustomClassAttributeProblem", "08.CustomClassAttributeProblem\08.CustomClassAttributeProblem.csproj", "{E201203E-43A0-4075-9EFB-987CF3F7A051}"
EndProject
Global
	GlobalSection(SolutionConfigurationPlatforms) = preSolution
		Debug|Any CPU = Debug|Any CPU
		Release|Any CPU = Release|Any CPU
	EndGlobalSection
	GlobalSection(ProjectConfigurationPlatforms) = postSolution
		{4D69B6D3-CC14-4AA4-8E77-D1CF9F357F5F}.Debug|Any CPU.ActiveCfg = Debug|Any CPU
		{4D69B6D3-CC14-4AA4-8E77-D1CF9F357F5F}.Debug|Any CPU.Build.0 = Debug|Any CPU
		{4D69B6D3-CC14-4AA4-8E77-D1CF9F357F5F}.Release|Any CPU.ActiveCfg = Release|Any CPU
		{4D69B6D3-CC14-4AA4-8E77-D1CF9F357F5F}.Release|Any CPU.Build.0 = Release|Any CPU
		{C33894C3-D52D-4DA3-AA7F-684411FD81FB}.Debug|Any CPU.ActiveCfg = Debug|Any CPU
		{C33894C3-D52D-4DA3-AA7F-684411FD81FB}.Debug|Any CPU.Build.0 = Debug|Any CPU
		{C33894C3-D52D-4DA3-AA7F-684411FD81FB}.Release|Any CPU.ActiveCfg = Release|Any CPU
		{C33894C3-D52D-4DA3-AA7F-684411FD81FB}.Release|Any CPU.Build.0 = Release|Any CPU
		{E201203E-43A0-4075-9EFB-987CF3F7A051}.Debug|Any CPU.ActiveCfg = Debug|Any CPU
		{E201203E-43A0-4075-9EFB-987CF3F7A051}.Debug|Any CPU.Build.0 = Debug|Any CPU
		{E201203E-43A0-4075-9EFB-987CF3F7A051}.Release|Any CPU.ActiveCfg = Release|Any CPU
		{E201203E-43A0-4075-9EFB-987CF3F7A051}.Release|Any CPU.Build.0 = Release|Any CPU
	EndGlobalSection
	GlobalSection(SolutionProperties) = preSolution
		HideSolutionNode = FALSE
	EndGlobalSection
	GlobalSection(ExtensibilityGlobals) = postSolution
		SolutionGuid = {4BAB05AB-5C88-4CFA-A24B-71AAE0EB9969}
	EndGlobalSection
EndGlobal
