
Microsoft Visual Studio Solution File, Format Version 12.00
# Visual Studio 15
VisualStudioVersion = 15.0.27130.2027
MinimumVisualStudioVersion = 10.0.40219.1
Project("{FAE04EC0-301F-11D3-BF4B-00C04F79EFBC}") = "EncapsulationLab", "EncapsulationLab\EncapsulationLab.csproj", "{AD2E4410-E36D-448D-8040-ED57CECBED63}"
EndProject
Project("{FAE04EC0-301F-11D3-BF4B-00C04F79EFBC}") = "01.Persons", "01.Persons\01.Persons.csproj", "{3CAA67DE-9D1C-43A6-86D2-5CEA3162A4C7}"
EndProject
Project("{FAE04EC0-301F-11D3-BF4B-00C04F79EFBC}") = "02.Salary", "02.Salary\02.Salary.csproj", "{E27BDE75-8341-4C5D-BDFF-5153BC792A88}"
EndProject
Project("{FAE04EC0-301F-11D3-BF4B-00C04F79EFBC}") = "03.Validation", "03.Validation\03.Validation.csproj", "{B2F408EF-09B0-459E-B5FB-0CE1D7A6D5EC}"
EndProject
Project("{FAE04EC0-301F-11D3-BF4B-00C04F79EFBC}") = "04.Team", "04.Team\04.Team.csproj", "{6407CC7A-91A4-4136-8B19-450276967CDF}"
EndProject
Global
	GlobalSection(SolutionConfigurationPlatforms) = preSolution
		Debug|Any CPU = Debug|Any CPU
		Release|Any CPU = Release|Any CPU
	EndGlobalSection
	GlobalSection(ProjectConfigurationPlatforms) = postSolution
		{AD2E4410-E36D-448D-8040-ED57CECBED63}.Debug|Any CPU.ActiveCfg = Debug|Any CPU
		{AD2E4410-E36D-448D-8040-ED57CECBED63}.Debug|Any CPU.Build.0 = Debug|Any CPU
		{AD2E4410-E36D-448D-8040-ED57CECBED63}.Release|Any CPU.ActiveCfg = Release|Any CPU
		{AD2E4410-E36D-448D-8040-ED57CECBED63}.Release|Any CPU.Build.0 = Release|Any CPU
		{3CAA67DE-9D1C-43A6-86D2-5CEA3162A4C7}.Debug|Any CPU.ActiveCfg = Debug|Any CPU
		{3CAA67DE-9D1C-43A6-86D2-5CEA3162A4C7}.Debug|Any CPU.Build.0 = Debug|Any CPU
		{3CAA67DE-9D1C-43A6-86D2-5CEA3162A4C7}.Release|Any CPU.ActiveCfg = Release|Any CPU
		{3CAA67DE-9D1C-43A6-86D2-5CEA3162A4C7}.Release|Any CPU.Build.0 = Release|Any CPU
		{E27BDE75-8341-4C5D-BDFF-5153BC792A88}.Debug|Any CPU.ActiveCfg = Debug|Any CPU
		{E27BDE75-8341-4C5D-BDFF-5153BC792A88}.Debug|Any CPU.Build.0 = Debug|Any CPU
		{E27BDE75-8341-4C5D-BDFF-5153BC792A88}.Release|Any CPU.ActiveCfg = Release|Any CPU
		{E27BDE75-8341-4C5D-BDFF-5153BC792A88}.Release|Any CPU.Build.0 = Release|Any CPU
		{B2F408EF-09B0-459E-B5FB-0CE1D7A6D5EC}.Debug|Any CPU.ActiveCfg = Debug|Any CPU
		{B2F408EF-09B0-459E-B5FB-0CE1D7A6D5EC}.Debug|Any CPU.Build.0 = Debug|Any CPU
		{B2F408EF-09B0-459E-B5FB-0CE1D7A6D5EC}.Release|Any CPU.ActiveCfg = Release|Any CPU
		{B2F408EF-09B0-459E-B5FB-0CE1D7A6D5EC}.Release|Any CPU.Build.0 = Release|Any CPU
		{6407CC7A-91A4-4136-8B19-450276967CDF}.Debug|Any CPU.ActiveCfg = Debug|Any CPU
		{6407CC7A-91A4-4136-8B19-450276967CDF}.Debug|Any CPU.Build.0 = Debug|Any CPU
		{6407CC7A-91A4-4136-8B19-450276967CDF}.Release|Any CPU.ActiveCfg = Release|Any CPU
		{6407CC7A-91A4-4136-8B19-450276967CDF}.Release|Any CPU.Build.0 = Release|Any CPU
	EndGlobalSection
	GlobalSection(SolutionProperties) = preSolution
		HideSolutionNode = FALSE
	EndGlobalSection
	GlobalSection(ExtensibilityGlobals) = postSolution
		SolutionGuid = {E5A26339-77D4-41BA-9B49-CBAC47A9F488}
	EndGlobalSection
EndGlobal
