
Microsoft Visual Studio Solution File, Format Version 12.00
# Visual Studio 15
VisualStudioVersion = 15.0.27004.2002
MinimumVisualStudioVersion = 10.0.40219.1
Project("{FAE04EC0-301F-11D3-BF4B-00C04F79EFBC}") = "00.Test", "00.Test\00.Test.csproj", "{4A6EA842-3A82-442D-B4F5-0FEF68F8F7DD}"
EndProject
Project("{FAE04EC0-301F-11D3-BF4B-00C04F79EFBC}") = "01.SortEvenNumbers", "01.SortEvenNumbers\01.SortEvenNumbers.csproj", "{AA127F7F-078B-49D5-ABA3-8B63BB6E4BBA}"
EndProject
Project("{FAE04EC0-301F-11D3-BF4B-00C04F79EFBC}") = "02.SumNumbers", "02.SumNumbers\02.SumNumbers.csproj", "{528E5E08-5E08-4E4D-BDB1-39D215E8B92A}"
EndProject
Project("{FAE04EC0-301F-11D3-BF4B-00C04F79EFBC}") = "03.CountUppercaseWords", "03.CountUppercaseWords\03.CountUppercaseWords.csproj", "{68A201CB-330D-41C9-9CB8-24B9AD570D72}"
EndProject
Project("{FAE04EC0-301F-11D3-BF4B-00C04F79EFBC}") = "04.AddVAT", "04.AddVAT\04.AddVAT.csproj", "{022B4E0A-27AE-4A14-B6E1-F466E3780CBE}"
EndProject
Project("{FAE04EC0-301F-11D3-BF4B-00C04F79EFBC}") = "05.FilterByAge", "05.FilterByAge\05.FilterByAge.csproj", "{79EFCD2F-6719-4D73-9A20-688614D749CC}"
EndProject
Global
	GlobalSection(SolutionConfigurationPlatforms) = preSolution
		Debug|Any CPU = Debug|Any CPU
		Release|Any CPU = Release|Any CPU
	EndGlobalSection
	GlobalSection(ProjectConfigurationPlatforms) = postSolution
		{4A6EA842-3A82-442D-B4F5-0FEF68F8F7DD}.Debug|Any CPU.ActiveCfg = Debug|Any CPU
		{4A6EA842-3A82-442D-B4F5-0FEF68F8F7DD}.Debug|Any CPU.Build.0 = Debug|Any CPU
		{4A6EA842-3A82-442D-B4F5-0FEF68F8F7DD}.Release|Any CPU.ActiveCfg = Release|Any CPU
		{4A6EA842-3A82-442D-B4F5-0FEF68F8F7DD}.Release|Any CPU.Build.0 = Release|Any CPU
		{AA127F7F-078B-49D5-ABA3-8B63BB6E4BBA}.Debug|Any CPU.ActiveCfg = Debug|Any CPU
		{AA127F7F-078B-49D5-ABA3-8B63BB6E4BBA}.Debug|Any CPU.Build.0 = Debug|Any CPU
		{AA127F7F-078B-49D5-ABA3-8B63BB6E4BBA}.Release|Any CPU.ActiveCfg = Release|Any CPU
		{AA127F7F-078B-49D5-ABA3-8B63BB6E4BBA}.Release|Any CPU.Build.0 = Release|Any CPU
		{528E5E08-5E08-4E4D-BDB1-39D215E8B92A}.Debug|Any CPU.ActiveCfg = Debug|Any CPU
		{528E5E08-5E08-4E4D-BDB1-39D215E8B92A}.Debug|Any CPU.Build.0 = Debug|Any CPU
		{528E5E08-5E08-4E4D-BDB1-39D215E8B92A}.Release|Any CPU.ActiveCfg = Release|Any CPU
		{528E5E08-5E08-4E4D-BDB1-39D215E8B92A}.Release|Any CPU.Build.0 = Release|Any CPU
		{68A201CB-330D-41C9-9CB8-24B9AD570D72}.Debug|Any CPU.ActiveCfg = Debug|Any CPU
		{68A201CB-330D-41C9-9CB8-24B9AD570D72}.Debug|Any CPU.Build.0 = Debug|Any CPU
		{68A201CB-330D-41C9-9CB8-24B9AD570D72}.Release|Any CPU.ActiveCfg = Release|Any CPU
		{68A201CB-330D-41C9-9CB8-24B9AD570D72}.Release|Any CPU.Build.0 = Release|Any CPU
		{022B4E0A-27AE-4A14-B6E1-F466E3780CBE}.Debug|Any CPU.ActiveCfg = Debug|Any CPU
		{022B4E0A-27AE-4A14-B6E1-F466E3780CBE}.Debug|Any CPU.Build.0 = Debug|Any CPU
		{022B4E0A-27AE-4A14-B6E1-F466E3780CBE}.Release|Any CPU.ActiveCfg = Release|Any CPU
		{022B4E0A-27AE-4A14-B6E1-F466E3780CBE}.Release|Any CPU.Build.0 = Release|Any CPU
		{79EFCD2F-6719-4D73-9A20-688614D749CC}.Debug|Any CPU.ActiveCfg = Debug|Any CPU
		{79EFCD2F-6719-4D73-9A20-688614D749CC}.Debug|Any CPU.Build.0 = Debug|Any CPU
		{79EFCD2F-6719-4D73-9A20-688614D749CC}.Release|Any CPU.ActiveCfg = Release|Any CPU
		{79EFCD2F-6719-4D73-9A20-688614D749CC}.Release|Any CPU.Build.0 = Release|Any CPU
	EndGlobalSection
	GlobalSection(SolutionProperties) = preSolution
		HideSolutionNode = FALSE
	EndGlobalSection
	GlobalSection(ExtensibilityGlobals) = postSolution
		SolutionGuid = {CF1AE577-A9FC-48ED-AC02-F2CB3F8ABAED}
	EndGlobalSection
EndGlobal
