
Microsoft Visual Studio Solution File, Format Version 12.00
# Visual Studio 15
VisualStudioVersion = 15.0.27130.2027
MinimumVisualStudioVersion = 10.0.40219.1
Project("{9A19103F-16F7-4668-BE54-9A1E7A4F7556}") = "P01EventImplementation", "ObjectCommunication\P01EventImplementation.csproj", "{AD37E08A-FDDE-47A1-9526-A52554828CE6}"
EndProject
Project("{9A19103F-16F7-4668-BE54-9A1E7A4F7556}") = "P02.KingsGambit", "P02.KingsGambit\P02.KingsGambit.csproj", "{3610BE42-1C19-453C-A2E6-4AACBF4484E4}"
EndProject
Project("{9A19103F-16F7-4668-BE54-9A1E7A4F7556}") = "P05.KingsGambitExtended", "P05.KingsGambitExtended\P05.KingsGambitExtended.csproj", "{DE4125FB-CB13-467C-8FA9-F2BD7764F5D5}"
EndProject
Project("{9A19103F-16F7-4668-BE54-9A1E7A4F7556}") = "P03.DependencyInversion", "P03.DependencyInversion\P03.DependencyInversion.csproj", "{8D2D315C-4898-4FF2-852F-559EB49E522E}"
EndProject
Project("{FAE04EC0-301F-11D3-BF4B-00C04F79EFBC}") = "P04.WorkForce", "P04.WorkForce\P04.WorkForce.csproj", "{809B2919-1CE6-416E-BD62-AC2424A36DD7}"
EndProject
Global
	GlobalSection(SolutionConfigurationPlatforms) = preSolution
		Debug|Any CPU = Debug|Any CPU
		Release|Any CPU = Release|Any CPU
	EndGlobalSection
	GlobalSection(ProjectConfigurationPlatforms) = postSolution
		{AD37E08A-FDDE-47A1-9526-A52554828CE6}.Debug|Any CPU.ActiveCfg = Debug|Any CPU
		{AD37E08A-FDDE-47A1-9526-A52554828CE6}.Debug|Any CPU.Build.0 = Debug|Any CPU
		{AD37E08A-FDDE-47A1-9526-A52554828CE6}.Release|Any CPU.ActiveCfg = Release|Any CPU
		{AD37E08A-FDDE-47A1-9526-A52554828CE6}.Release|Any CPU.Build.0 = Release|Any CPU
		{3610BE42-1C19-453C-A2E6-4AACBF4484E4}.Debug|Any CPU.ActiveCfg = Debug|Any CPU
		{3610BE42-1C19-453C-A2E6-4AACBF4484E4}.Debug|Any CPU.Build.0 = Debug|Any CPU
		{3610BE42-1C19-453C-A2E6-4AACBF4484E4}.Release|Any CPU.ActiveCfg = Release|Any CPU
		{3610BE42-1C19-453C-A2E6-4AACBF4484E4}.Release|Any CPU.Build.0 = Release|Any CPU
		{DE4125FB-CB13-467C-8FA9-F2BD7764F5D5}.Debug|Any CPU.ActiveCfg = Debug|Any CPU
		{DE4125FB-CB13-467C-8FA9-F2BD7764F5D5}.Debug|Any CPU.Build.0 = Debug|Any CPU
		{DE4125FB-CB13-467C-8FA9-F2BD7764F5D5}.Release|Any CPU.ActiveCfg = Release|Any CPU
		{DE4125FB-CB13-467C-8FA9-F2BD7764F5D5}.Release|Any CPU.Build.0 = Release|Any CPU
		{8D2D315C-4898-4FF2-852F-559EB49E522E}.Debug|Any CPU.ActiveCfg = Debug|Any CPU
		{8D2D315C-4898-4FF2-852F-559EB49E522E}.Debug|Any CPU.Build.0 = Debug|Any CPU
		{8D2D315C-4898-4FF2-852F-559EB49E522E}.Release|Any CPU.ActiveCfg = Release|Any CPU
		{8D2D315C-4898-4FF2-852F-559EB49E522E}.Release|Any CPU.Build.0 = Release|Any CPU
		{809B2919-1CE6-416E-BD62-AC2424A36DD7}.Debug|Any CPU.ActiveCfg = Debug|Any CPU
		{809B2919-1CE6-416E-BD62-AC2424A36DD7}.Debug|Any CPU.Build.0 = Debug|Any CPU
		{809B2919-1CE6-416E-BD62-AC2424A36DD7}.Release|Any CPU.ActiveCfg = Release|Any CPU
		{809B2919-1CE6-416E-BD62-AC2424A36DD7}.Release|Any CPU.Build.0 = Release|Any CPU
	EndGlobalSection
	GlobalSection(SolutionProperties) = preSolution
		HideSolutionNode = FALSE
	EndGlobalSection
	GlobalSection(ExtensibilityGlobals) = postSolution
		SolutionGuid = {900B54DC-DE71-4628-A494-D51E0A70EC5C}
	EndGlobalSection
EndGlobal
