
Microsoft Visual Studio Solution File, Format Version 12.00
# Visual Studio 15
VisualStudioVersion = 15.0.27130.2027
MinimumVisualStudioVersion = 10.0.40219.1
Project("{9A19103F-16F7-4668-BE54-9A1E7A4F7556}") = "OldExams", "OldExams\OldExams.csproj", "{4521AC48-8EE3-4B47-97AD-CDEF13EE9904}"
EndProject
Project("{9A19103F-16F7-4668-BE54-9A1E7A4F7556}") = "Avatar", "Avatar\Avatar.csproj", "{65DF378B-9DE0-4DE3-AD54-FAAFE5B5CB27}"
EndProject
Project("{9A19103F-16F7-4668-BE54-9A1E7A4F7556}") = "GrandPrix", "GrandPrix\GrandPrix.csproj", "{6D3AE8F4-71DD-4804-ABE7-AF043D07668A}"
EndProject
Project("{9A19103F-16F7-4668-BE54-9A1E7A4F7556}") = "MineDraft", "MineDraft\MineDraft.csproj", "{4B86DFC2-31E6-4469-91C8-8106020E84B9}"
EndProject
Project("{FAE04EC0-301F-11D3-BF4B-00C04F79EFBC}") = "NeedForSpeed", "NeedForSpeed\NeedForSpeed.csproj", "{BA80EC99-5F64-42E6-8D22-58A7B0D65DD1}"
EndProject
Global
	GlobalSection(SolutionConfigurationPlatforms) = preSolution
		Debug|Any CPU = Debug|Any CPU
		Release|Any CPU = Release|Any CPU
	EndGlobalSection
	GlobalSection(ProjectConfigurationPlatforms) = postSolution
		{4521AC48-8EE3-4B47-97AD-CDEF13EE9904}.Debug|Any CPU.ActiveCfg = Debug|Any CPU
		{4521AC48-8EE3-4B47-97AD-CDEF13EE9904}.Debug|Any CPU.Build.0 = Debug|Any CPU
		{4521AC48-8EE3-4B47-97AD-CDEF13EE9904}.Release|Any CPU.ActiveCfg = Release|Any CPU
		{4521AC48-8EE3-4B47-97AD-CDEF13EE9904}.Release|Any CPU.Build.0 = Release|Any CPU
		{65DF378B-9DE0-4DE3-AD54-FAAFE5B5CB27}.Debug|Any CPU.ActiveCfg = Debug|Any CPU
		{65DF378B-9DE0-4DE3-AD54-FAAFE5B5CB27}.Debug|Any CPU.Build.0 = Debug|Any CPU
		{65DF378B-9DE0-4DE3-AD54-FAAFE5B5CB27}.Release|Any CPU.ActiveCfg = Release|Any CPU
		{65DF378B-9DE0-4DE3-AD54-FAAFE5B5CB27}.Release|Any CPU.Build.0 = Release|Any CPU
		{6D3AE8F4-71DD-4804-ABE7-AF043D07668A}.Debug|Any CPU.ActiveCfg = Debug|Any CPU
		{6D3AE8F4-71DD-4804-ABE7-AF043D07668A}.Debug|Any CPU.Build.0 = Debug|Any CPU
		{6D3AE8F4-71DD-4804-ABE7-AF043D07668A}.Release|Any CPU.ActiveCfg = Release|Any CPU
		{6D3AE8F4-71DD-4804-ABE7-AF043D07668A}.Release|Any CPU.Build.0 = Release|Any CPU
		{4B86DFC2-31E6-4469-91C8-8106020E84B9}.Debug|Any CPU.ActiveCfg = Debug|Any CPU
		{4B86DFC2-31E6-4469-91C8-8106020E84B9}.Debug|Any CPU.Build.0 = Debug|Any CPU
		{4B86DFC2-31E6-4469-91C8-8106020E84B9}.Release|Any CPU.ActiveCfg = Release|Any CPU
		{4B86DFC2-31E6-4469-91C8-8106020E84B9}.Release|Any CPU.Build.0 = Release|Any CPU
		{BA80EC99-5F64-42E6-8D22-58A7B0D65DD1}.Debug|Any CPU.ActiveCfg = Debug|Any CPU
		{BA80EC99-5F64-42E6-8D22-58A7B0D65DD1}.Debug|Any CPU.Build.0 = Debug|Any CPU
		{BA80EC99-5F64-42E6-8D22-58A7B0D65DD1}.Release|Any CPU.ActiveCfg = Release|Any CPU
		{BA80EC99-5F64-42E6-8D22-58A7B0D65DD1}.Release|Any CPU.Build.0 = Release|Any CPU
	EndGlobalSection
	GlobalSection(SolutionProperties) = preSolution
		HideSolutionNode = FALSE
	EndGlobalSection
	GlobalSection(ExtensibilityGlobals) = postSolution
		SolutionGuid = {93EB37C6-E6C2-4F17-A80C-5C7B4C7E708F}
	EndGlobalSection
EndGlobal
