
Microsoft Visual Studio Solution File, Format Version 12.00
# Visual Studio 15
VisualStudioVersion = 15.0.27130.2027
MinimumVisualStudioVersion = 10.0.40219.1
Project("{9A19103F-16F7-4668-BE54-9A1E7A4F7556}") = "P01_HospitalDatabase", "P01_HospitalDatabase\P01_HospitalDatabase.csproj", "{2FCE0518-E573-4716-B85D-16D0DC55C112}"
EndProject
Project("{9A19103F-16F7-4668-BE54-9A1E7A4F7556}") = "P01_HospitalDatabase.Data.Models", "P01_HospitalDatabase.Data.Models\P01_HospitalDatabase.Data.Models.csproj", "{C5A094FE-0344-4094-B014-D2E0E52A4F67}"
EndProject
Project("{9A19103F-16F7-4668-BE54-9A1E7A4F7556}") = "P01_HospitalDatabase.Data", "P01_HospitalDatabase.Data\P01_HospitalDatabase.Data.csproj", "{D8E3CD79-A2F1-47CC-BFD3-22A22BF26C9D}"
EndProject
Project("{9A19103F-16F7-4668-BE54-9A1E7A4F7556}") = "HospitalDatabaseInitializer", "..\HospitalDatabaseInitializer\HospitalDatabaseInitializer.csproj", "{812BFD02-B379-4657-B32C-DB99530BA4A2}"
EndProject
Global
	GlobalSection(SolutionConfigurationPlatforms) = preSolution
		Debug|Any CPU = Debug|Any CPU
		Release|Any CPU = Release|Any CPU
	EndGlobalSection
	GlobalSection(ProjectConfigurationPlatforms) = postSolution
		{2FCE0518-E573-4716-B85D-16D0DC55C112}.Debug|Any CPU.ActiveCfg = Debug|Any CPU
		{2FCE0518-E573-4716-B85D-16D0DC55C112}.Debug|Any CPU.Build.0 = Debug|Any CPU
		{2FCE0518-E573-4716-B85D-16D0DC55C112}.Release|Any CPU.ActiveCfg = Release|Any CPU
		{2FCE0518-E573-4716-B85D-16D0DC55C112}.Release|Any CPU.Build.0 = Release|Any CPU
		{C5A094FE-0344-4094-B014-D2E0E52A4F67}.Debug|Any CPU.ActiveCfg = Debug|Any CPU
		{C5A094FE-0344-4094-B014-D2E0E52A4F67}.Debug|Any CPU.Build.0 = Debug|Any CPU
		{C5A094FE-0344-4094-B014-D2E0E52A4F67}.Release|Any CPU.ActiveCfg = Release|Any CPU
		{C5A094FE-0344-4094-B014-D2E0E52A4F67}.Release|Any CPU.Build.0 = Release|Any CPU
		{D8E3CD79-A2F1-47CC-BFD3-22A22BF26C9D}.Debug|Any CPU.ActiveCfg = Debug|Any CPU
		{D8E3CD79-A2F1-47CC-BFD3-22A22BF26C9D}.Debug|Any CPU.Build.0 = Debug|Any CPU
		{D8E3CD79-A2F1-47CC-BFD3-22A22BF26C9D}.Release|Any CPU.ActiveCfg = Release|Any CPU
		{D8E3CD79-A2F1-47CC-BFD3-22A22BF26C9D}.Release|Any CPU.Build.0 = Release|Any CPU
		{812BFD02-B379-4657-B32C-DB99530BA4A2}.Debug|Any CPU.ActiveCfg = Debug|Any CPU
		{812BFD02-B379-4657-B32C-DB99530BA4A2}.Debug|Any CPU.Build.0 = Debug|Any CPU
		{812BFD02-B379-4657-B32C-DB99530BA4A2}.Release|Any CPU.ActiveCfg = Release|Any CPU
		{812BFD02-B379-4657-B32C-DB99530BA4A2}.Release|Any CPU.Build.0 = Release|Any CPU
	EndGlobalSection
	GlobalSection(SolutionProperties) = preSolution
		HideSolutionNode = FALSE
	EndGlobalSection
	GlobalSection(ExtensibilityGlobals) = postSolution
		SolutionGuid = {526D41EA-4FBB-4AAA-9A6A-E67D99A0B931}
	EndGlobalSection
EndGlobal
